
Microsoft Visual Studio Solution File, Format Version 12.00
# Visual Studio Version 17
VisualStudioVersion = 17.8.34525.116
MinimumVisualStudioVersion = 10.0.40219.1
Project("{FAE04EC0-301F-11D3-BF4B-00C04F79EFBC}") = "Xin.Admin.WebApi", "Xin.Admin.WebApi\Xin.Admin.WebApi.csproj", "{1C008AB7-6080-4664-9283-75B02D7DE08A}"
EndProject
Project("{FAE04EC0-301F-11D3-BF4B-00C04F79EFBC}") = "Xin.Infrastructure", "Xin.Infrastructure\Xin.Infrastructure.csproj", "{02A76DBC-EAF8-4587-B861-6777FC2B1B39}"
EndProject
Project("{FAE04EC0-301F-11D3-BF4B-00C04F79EFBC}") = "Xin.Service", "Xin.Service\Xin.Service.csproj", "{2F8262D6-2447-4FE8-BBEA-9B0E5E3F860F}"
EndProject
Project("{FAE04EC0-301F-11D3-BF4B-00C04F79EFBC}") = "Xin.Model", "Xin.Model\Xin.Model.csproj", "{C7C3EF56-F47D-4CC4-BDAE-1DF5D50E60E2}"
EndProject
Global
	GlobalSection(SolutionConfigurationPlatforms) = preSolution
		Debug|Any CPU = Debug|Any CPU
		Release|Any CPU = Release|Any CPU
	EndGlobalSection
	GlobalSection(ProjectConfigurationPlatforms) = postSolution
		{1C008AB7-6080-4664-9283-75B02D7DE08A}.Debug|Any CPU.ActiveCfg = Debug|Any CPU
		{1C008AB7-6080-4664-9283-75B02D7DE08A}.Debug|Any CPU.Build.0 = Debug|Any CPU
		{1C008AB7-6080-4664-9283-75B02D7DE08A}.Release|Any CPU.ActiveCfg = Release|Any CPU
		{1C008AB7-6080-4664-9283-75B02D7DE08A}.Release|Any CPU.Build.0 = Release|Any CPU
		{02A76DBC-EAF8-4587-B861-6777FC2B1B39}.Debug|Any CPU.ActiveCfg = Debug|Any CPU
		{02A76DBC-EAF8-4587-B861-6777FC2B1B39}.Debug|Any CPU.Build.0 = Debug|Any CPU
		{02A76DBC-EAF8-4587-B861-6777FC2B1B39}.Release|Any CPU.ActiveCfg = Release|Any CPU
		{02A76DBC-EAF8-4587-B861-6777FC2B1B39}.Release|Any CPU.Build.0 = Release|Any CPU
		{2F8262D6-2447-4FE8-BBEA-9B0E5E3F860F}.Debug|Any CPU.ActiveCfg = Debug|Any CPU
		{2F8262D6-2447-4FE8-BBEA-9B0E5E3F860F}.Debug|Any CPU.Build.0 = Debug|Any CPU
		{2F8262D6-2447-4FE8-BBEA-9B0E5E3F860F}.Release|Any CPU.ActiveCfg = Release|Any CPU
		{2F8262D6-2447-4FE8-BBEA-9B0E5E3F860F}.Release|Any CPU.Build.0 = Release|Any CPU
		{C7C3EF56-F47D-4CC4-BDAE-1DF5D50E60E2}.Debug|Any CPU.ActiveCfg = Debug|Any CPU
		{C7C3EF56-F47D-4CC4-BDAE-1DF5D50E60E2}.Debug|Any CPU.Build.0 = Debug|Any CPU
		{C7C3EF56-F47D-4CC4-BDAE-1DF5D50E60E2}.Release|Any CPU.ActiveCfg = Release|Any CPU
		{C7C3EF56-F47D-4CC4-BDAE-1DF5D50E60E2}.Release|Any CPU.Build.0 = Release|Any CPU
	EndGlobalSection
	GlobalSection(SolutionProperties) = preSolution
		HideSolutionNode = FALSE
	EndGlobalSection
	GlobalSection(ExtensibilityGlobals) = postSolution
		SolutionGuid = {AE47FD3D-E5A6-48C1-9E92-463BAC755F7C}
	EndGlobalSection
EndGlobal
